// !$*UTF8*$!
{
	archiveVersion = 1;
	classes = {
	};
	objectVersion = 55;
	objects = {

/* Begin PBXBuildFile section */
		342D0B4E29777B4E008003F7 /* HomeView.swift in Sources */ = {isa = PBXBuildFile; fileRef = 342D0B4D29777B4E008003F7 /* HomeView.swift */; };
		342D0B5029777B71008003F7 /* HomeViewRow.swift in Sources */ = {isa = PBXBuildFile; fileRef = 342D0B4F29777B71008003F7 /* HomeViewRow.swift */; };
		342D0B5229777BB8008003F7 /* ContentViewRow.swift in Sources */ = {isa = PBXBuildFile; fileRef = 342D0B5129777BB8008003F7 /* ContentViewRow.swift */; };
		342D0B5429777BDD008003F7 /* ContentDetailView.swift in Sources */ = {isa = PBXBuildFile; fileRef = 342D0B5329777BDD008003F7 /* ContentDetailView.swift */; };
		342D0B5629777C01008003F7 /* TestView.swift in Sources */ = {isa = PBXBuildFile; fileRef = 342D0B5529777C01008003F7 /* TestView.swift */; };
		342D0B5829777C1E008003F7 /* TestResultView.swift in Sources */ = {isa = PBXBuildFile; fileRef = 342D0B5729777C1E008003F7 /* TestResultView.swift */; };
		342D0B5A29777C3F008003F7 /* CodeTextView.swift in Sources */ = {isa = PBXBuildFile; fileRef = 342D0B5929777C3F008003F7 /* CodeTextView.swift */; };
		342D0B5C29777C58008003F7 /* RectangleCard.swift in Sources */ = {isa = PBXBuildFile; fileRef = 342D0B5B29777C58008003F7 /* RectangleCard.swift */; };
		342D0B5E29777C80008003F7 /* ContentModel.swift in Sources */ = {isa = PBXBuildFile; fileRef = 342D0B5D29777C80008003F7 /* ContentModel.swift */; };
		342D0B6029777CD8008003F7 /* Constants.swift in Sources */ = {isa = PBXBuildFile; fileRef = 342D0B5F29777CD8008003F7 /* Constants.swift */; };
		342D0B6229777D1C008003F7 /* style.html in Resources */ = {isa = PBXBuildFile; fileRef = 342D0B6129777D1C008003F7 /* style.html */; };
		342D0B6529777DF9008003F7 /* AVKit.framework in Frameworks */ = {isa = PBXBuildFile; fileRef = 342D0B6429777DF9008003F7 /* AVKit.framework */; };
		343851CE290591A100698026 /* Models.swift in Sources */ = {isa = PBXBuildFile; fileRef = 343851CD290591A100698026 /* Models.swift */; };
		348CEB1F28DFF30D004F82A1 /* FinTeen.swift in Sources */ = {isa = PBXBuildFile; fileRef = 348CEB1E28DFF30D004F82A1 /* FinTeen.swift */; };
		348CEB2128DFF30D004F82A1 /* ContentView.swift in Sources */ = {isa = PBXBuildFile; fileRef = 348CEB2028DFF30D004F82A1 /* ContentView.swift */; };
		348CEB2328DFF316004F82A1 /* Assets.xcassets in Resources */ = {isa = PBXBuildFile; fileRef = 348CEB2228DFF316004F82A1 /* Assets.xcassets */; };
		348CEB2628DFF316004F82A1 /* Preview Assets.xcassets in Resources */ = {isa = PBXBuildFile; fileRef = 348CEB2528DFF316004F82A1 /* Preview Assets.xcassets */; };
		348CEB3128DFF416004F82A1 /* data.json in Resources */ = {isa = PBXBuildFile; fileRef = 348CEB3028DFF416004F82A1 /* data.json */; };
/* End PBXBuildFile section */

/* Begin PBXFileReference section */
		342D0B4D29777B4E008003F7 /* HomeView.swift */ = {isa = PBXFileReference; lastKnownFileType = sourcecode.swift; path = HomeView.swift; sourceTree = "<group>"; };
		342D0B4F29777B71008003F7 /* HomeViewRow.swift */ = {isa = PBXFileReference; lastKnownFileType = sourcecode.swift; path = HomeViewRow.swift; sourceTree = "<group>"; };
		342D0B5129777BB8008003F7 /* ContentViewRow.swift */ = {isa = PBXFileReference; lastKnownFileType = sourcecode.swift; path = ContentViewRow.swift; sourceTree = "<group>"; };
		342D0B5329777BDD008003F7 /* ContentDetailView.swift */ = {isa = PBXFileReference; lastKnownFileType = sourcecode.swift; path = ContentDetailView.swift; sourceTree = "<group>"; };
		342D0B5529777C01008003F7 /* TestView.swift */ = {isa = PBXFileReference; lastKnownFileType = sourcecode.swift; path = TestView.swift; sourceTree = "<group>"; };
		342D0B5729777C1E008003F7 /* TestResultView.swift */ = {isa = PBXFileReference; lastKnownFileType = sourcecode.swift; path = TestResultView.swift; sourceTree = "<group>"; };
		342D0B5929777C3F008003F7 /* CodeTextView.swift */ = {isa = PBXFileReference; lastKnownFileType = sourcecode.swift; path = CodeTextView.swift; sourceTree = "<group>"; };
		342D0B5B29777C58008003F7 /* RectangleCard.swift */ = {isa = PBXFileReference; lastKnownFileType = sourcecode.swift; path = RectangleCard.swift; sourceTree = "<group>"; };
		342D0B5D29777C80008003F7 /* ContentModel.swift */ = {isa = PBXFileReference; lastKnownFileType = sourcecode.swift; path = ContentModel.swift; sourceTree = "<group>"; };
		342D0B5F29777CD8008003F7 /* Constants.swift */ = {isa = PBXFileReference; lastKnownFileType = sourcecode.swift; path = Constants.swift; sourceTree = "<group>"; };
		342D0B6129777D1C008003F7 /* style.html */ = {isa = PBXFileReference; lastKnownFileType = text.html; path = style.html; sourceTree = "<group>"; };
		342D0B6429777DF9008003F7 /* AVKit.framework */ = {isa = PBXFileReference; lastKnownFileType = wrapper.framework; name = AVKit.framework; path = System/Library/Frameworks/AVKit.framework; sourceTree = SDKROOT; };
		343851CD290591A100698026 /* Models.swift */ = {isa = PBXFileReference; lastKnownFileType = sourcecode.swift; path = Models.swift; sourceTree = "<group>"; };
		348CEB1B28DFF30D004F82A1 /* FinTeen.app */ = {isa = PBXFileReference; explicitFileType = wrapper.application; includeInIndex = 0; path = FinTeen.app; sourceTree = BUILT_PRODUCTS_DIR; };
		348CEB1E28DFF30D004F82A1 /* FinTeen.swift */ = {isa = PBXFileReference; lastKnownFileType = sourcecode.swift; path = FinTeen.swift; sourceTree = "<group>"; };
		348CEB2028DFF30D004F82A1 /* ContentView.swift */ = {isa = PBXFileReference; lastKnownFileType = sourcecode.swift; path = ContentView.swift; sourceTree = "<group>"; };
		348CEB2228DFF316004F82A1 /* Assets.xcassets */ = {isa = PBXFileReference; lastKnownFileType = folder.assetcatalog; path = Assets.xcassets; sourceTree = "<group>"; };
		348CEB2528DFF316004F82A1 /* Preview Assets.xcassets */ = {isa = PBXFileReference; lastKnownFileType = folder.assetcatalog; path = "Preview Assets.xcassets"; sourceTree = "<group>"; };
		348CEB3028DFF416004F82A1 /* data.json */ = {isa = PBXFileReference; lastKnownFileType = text.json; path = data.json; sourceTree = "<group>"; };
/* End PBXFileReference section */

/* Begin PBXFrameworksBuildPhase section */
		348CEB1828DFF30D004F82A1 /* Frameworks */ = {
			isa = PBXFrameworksBuildPhase;
			buildActionMask = 2147483647;
			files = (
				342D0B6529777DF9008003F7 /* AVKit.framework in Frameworks */,
			);
			runOnlyForDeploymentPostprocessing = 0;
		};
/* End PBXFrameworksBuildPhase section */

/* Begin PBXGroup section */
		342D0B6329777DF9008003F7 /* Frameworks */ = {
			isa = PBXGroup;
			children = (
				342D0B6429777DF9008003F7 /* AVKit.framework */,
			);
			name = Frameworks;
			sourceTree = "<group>";
		};
		348CEB1228DFF30D004F82A1 = {
			isa = PBXGroup;
			children = (
				348CEB1D28DFF30D004F82A1 /* TeenFinLitApp */,
				348CEB1C28DFF30D004F82A1 /* Products */,
				342D0B6329777DF9008003F7 /* Frameworks */,
			);
			sourceTree = "<group>";
		};
		348CEB1C28DFF30D004F82A1 /* Products */ = {
			isa = PBXGroup;
			children = (
				348CEB1B28DFF30D004F82A1 /* FinTeen.app */,
			);
			name = Products;
			sourceTree = "<group>";
		};
		348CEB1D28DFF30D004F82A1 /* TeenFinLitApp */ = {
			isa = PBXGroup;
			children = (
				348CEB1E28DFF30D004F82A1 /* FinTeen.swift */,
				348CEB2C28DFF3C0004F82A1 /* Views */,
				348CEB2E28DFF3CA004F82A1 /* ViewModels */,
				348CEB2D28DFF3C5004F82A1 /* Models */,
				348CEB2F28DFF3D4004F82A1 /* Resources */,
				348CEB2228DFF316004F82A1 /* Assets.xcassets */,
				348CEB2428DFF316004F82A1 /* Preview Content */,
			);
			path = TeenFinLitApp;
			sourceTree = "<group>";
		};
		348CEB2428DFF316004F82A1 /* Preview Content */ = {
			isa = PBXGroup;
			children = (
				348CEB2528DFF316004F82A1 /* Preview Assets.xcassets */,
			);
			path = "Preview Content";
			sourceTree = "<group>";
		};
		348CEB2C28DFF3C0004F82A1 /* Views */ = {
			isa = PBXGroup;
			children = (
				342D0B4D29777B4E008003F7 /* HomeView.swift */,
				342D0B4F29777B71008003F7 /* HomeViewRow.swift */,
				348CEB2028DFF30D004F82A1 /* ContentView.swift */,
				342D0B5129777BB8008003F7 /* ContentViewRow.swift */,
				342D0B5329777BDD008003F7 /* ContentDetailView.swift */,
				342D0B5529777C01008003F7 /* TestView.swift */,
				342D0B5729777C1E008003F7 /* TestResultView.swift */,
				342D0B5929777C3F008003F7 /* CodeTextView.swift */,
				342D0B5B29777C58008003F7 /* RectangleCard.swift */,
			);
			path = Views;
			sourceTree = "<group>";
		};
		348CEB2D28DFF3C5004F82A1 /* Models */ = {
			isa = PBXGroup;
			children = (
				343851CD290591A100698026 /* Models.swift */,
			);
			path = Models;
			sourceTree = "<group>";
		};
		348CEB2E28DFF3CA004F82A1 /* ViewModels */ = {
			isa = PBXGroup;
			children = (
				342D0B5D29777C80008003F7 /* ContentModel.swift */,
			);
			path = ViewModels;
			sourceTree = "<group>";
		};
		348CEB2F28DFF3D4004F82A1 /* Resources */ = {
			isa = PBXGroup;
			children = (
				342D0B6129777D1C008003F7 /* style.html */,
				348CEB3028DFF416004F82A1 /* data.json */,
				342D0B5F29777CD8008003F7 /* Constants.swift */,
			);
			path = Resources;
			sourceTree = "<group>";
		};
/* End PBXGroup section */

/* Begin PBXNativeTarget section */
		348CEB1A28DFF30D004F82A1 /* TeenFinLitApp */ = {
			isa = PBXNativeTarget;
			buildConfigurationList = 348CEB2928DFF316004F82A1 /* Build configuration list for PBXNativeTarget "TeenFinLitApp" */;
			buildPhases = (
				348CEB1728DFF30D004F82A1 /* Sources */,
				348CEB1828DFF30D004F82A1 /* Frameworks */,
				348CEB1928DFF30D004F82A1 /* Resources */,
			);
			buildRules = (
			);
			dependencies = (
			);
			name = TeenFinLitApp;
			productName = TeenFinLitApp;
			productReference = 348CEB1B28DFF30D004F82A1 /* FinTeen.app */;
			productType = "com.apple.product-type.application";
		};
/* End PBXNativeTarget section */

/* Begin PBXProject section */
		348CEB1328DFF30D004F82A1 /* Project object */ = {
			isa = PBXProject;
			attributes = {
				BuildIndependentTargetsInParallel = 1;
				KnownAssetTags = (
					.resizable,
					.scaledtofit,
				);
				LastSwiftUpdateCheck = 1340;
				LastUpgradeCheck = 1340;
				TargetAttributes = {
					348CEB1A28DFF30D004F82A1 = {
						CreatedOnToolsVersion = 13.4.1;
					};
				};
			};
			buildConfigurationList = 348CEB1628DFF30D004F82A1 /* Build configuration list for PBXProject "TeenFinLitApp" */;
			compatibilityVersion = "Xcode 13.0";
			developmentRegion = en;
			hasScannedForEncodings = 0;
			knownRegions = (
				en,
				Base,
			);
			mainGroup = 348CEB1228DFF30D004F82A1;
			productRefGroup = 348CEB1C28DFF30D004F82A1 /* Products */;
			projectDirPath = "";
			projectRoot = "";
			targets = (
				348CEB1A28DFF30D004F82A1 /* TeenFinLitApp */,
			);
		};
/* End PBXProject section */

/* Begin PBXResourcesBuildPhase section */
		348CEB1928DFF30D004F82A1 /* Resources */ = {
			isa = PBXResourcesBuildPhase;
			buildActionMask = 2147483647;
			files = (
				348CEB2628DFF316004F82A1 /* Preview Assets.xcassets in Resources */,
				348CEB3128DFF416004F82A1 /* data.json in Resources */,
				342D0B6229777D1C008003F7 /* style.html in Resources */,
				348CEB2328DFF316004F82A1 /* Assets.xcassets in Resources */,
			);
			runOnlyForDeploymentPostprocessing = 0;
		};
/* End PBXResourcesBuildPhase section */

/* Begin PBXSourcesBuildPhase section */
		348CEB1728DFF30D004F82A1 /* Sources */ = {
			isa = PBXSourcesBuildPhase;
			buildActionMask = 2147483647;
			files = (
				343851CE290591A100698026 /* Models.swift in Sources */,
				342D0B5029777B71008003F7 /* HomeViewRow.swift in Sources */,
				342D0B4E29777B4E008003F7 /* HomeView.swift in Sources */,
				342D0B5829777C1E008003F7 /* TestResultView.swift in Sources */,
				342D0B5429777BDD008003F7 /* ContentDetailView.swift in Sources */,
				342D0B5E29777C80008003F7 /* ContentModel.swift in Sources */,
				342D0B5629777C01008003F7 /* TestView.swift in Sources */,
				342D0B6029777CD8008003F7 /* Constants.swift in Sources */,
				342D0B5A29777C3F008003F7 /* CodeTextView.swift in Sources */,
				348CEB2128DFF30D004F82A1 /* ContentView.swift in Sources */,
				348CEB1F28DFF30D004F82A1 /* FinTeen.swift in Sources */,
				342D0B5C29777C58008003F7 /* RectangleCard.swift in Sources */,
				342D0B5229777BB8008003F7 /* ContentViewRow.swift in Sources */,
			);
			runOnlyForDeploymentPostprocessing = 0;
		};
/* End PBXSourcesBuildPhase section */

/* Begin XCBuildConfiguration section */
		348CEB2728DFF316004F82A1 /* Debug */ = {
			isa = XCBuildConfiguration;
			buildSettings = {
				ALWAYS_SEARCH_USER_PATHS = NO;
				CLANG_ANALYZER_NONNULL = YES;
				CLANG_ANALYZER_NUMBER_OBJECT_CONVERSION = YES_AGGRESSIVE;
				CLANG_CXX_LANGUAGE_STANDARD = "gnu++17";
				CLANG_ENABLE_MODULES = YES;
				CLANG_ENABLE_OBJC_ARC = YES;
				CLANG_ENABLE_OBJC_WEAK = YES;
				CLANG_WARN_BLOCK_CAPTURE_AUTORELEASING = YES;
				CLANG_WARN_BOOL_CONVERSION = YES;
				CLANG_WARN_COMMA = YES;
				CLANG_WARN_CONSTANT_CONVERSION = YES;
				CLANG_WARN_DEPRECATED_OBJC_IMPLEMENTATIONS = YES;
				CLANG_WARN_DIRECT_OBJC_ISA_USAGE = YES_ERROR;
				CLANG_WARN_DOCUMENTATION_COMMENTS = YES;
				CLANG_WARN_EMPTY_BODY = YES;
				CLANG_WARN_ENUM_CONVERSION = YES;
				CLANG_WARN_INFINITE_RECURSION = YES;
				CLANG_WARN_INT_CONVERSION = YES;
				CLANG_WARN_NON_LITERAL_NULL_CONVERSION = YES;
				CLANG_WARN_OBJC_IMPLICIT_RETAIN_SELF = YES;
				CLANG_WARN_OBJC_LITERAL_CONVERSION = YES;
				CLANG_WARN_OBJC_ROOT_CLASS = YES_ERROR;
				CLANG_WARN_QUOTED_INCLUDE_IN_FRAMEWORK_HEADER = YES;
				CLANG_WARN_RANGE_LOOP_ANALYSIS = YES;
				CLANG_WARN_STRICT_PROTOTYPES = YES;
				CLANG_WARN_SUSPICIOUS_MOVE = YES;
				CLANG_WARN_UNGUARDED_AVAILABILITY = YES_AGGRESSIVE;
				CLANG_WARN_UNREACHABLE_CODE = YES;
				CLANG_WARN__DUPLICATE_METHOD_MATCH = YES;
				COPY_PHASE_STRIP = NO;
				DEBUG_INFORMATION_FORMAT = dwarf;
				ENABLE_STRICT_OBJC_MSGSEND = YES;
				ENABLE_TESTABILITY = YES;
				GCC_C_LANGUAGE_STANDARD = gnu11;
				GCC_DYNAMIC_NO_PIC = NO;
				GCC_NO_COMMON_BLOCKS = YES;
				GCC_OPTIMIZATION_LEVEL = 0;
				GCC_PREPROCESSOR_DEFINITIONS = (
					"DEBUG=1",
					"$(inherited)",
				);
				GCC_WARN_64_TO_32_BIT_CONVERSION = YES;
				GCC_WARN_ABOUT_RETURN_TYPE = YES_ERROR;
				GCC_WARN_UNDECLARED_SELECTOR = YES;
				GCC_WARN_UNINITIALIZED_AUTOS = YES_AGGRESSIVE;
				GCC_WARN_UNUSED_FUNCTION = YES;
				GCC_WARN_UNUSED_VARIABLE = YES;
				IPHONEOS_DEPLOYMENT_TARGET = 15.5;
				MTL_ENABLE_DEBUG_INFO = INCLUDE_SOURCE;
				MTL_FAST_MATH = YES;
				ONLY_ACTIVE_ARCH = YES;
				SDKROOT = iphoneos;
				SWIFT_ACTIVE_COMPILATION_CONDITIONS = DEBUG;
				SWIFT_OPTIMIZATION_LEVEL = "-Onone";
			};
			name = Debug;
		};
		348CEB2828DFF316004F82A1 /* Release */ = {
			isa = XCBuildConfiguration;
			buildSettings = {
				ALWAYS_SEARCH_USER_PATHS = NO;
				CLANG_ANALYZER_NONNULL = YES;
				CLANG_ANALYZER_NUMBER_OBJECT_CONVERSION = YES_AGGRESSIVE;
				CLANG_CXX_LANGUAGE_STANDARD = "gnu++17";
				CLANG_ENABLE_MODULES = YES;
				CLANG_ENABLE_OBJC_ARC = YES;
				CLANG_ENABLE_OBJC_WEAK = YES;
				CLANG_WARN_BLOCK_CAPTURE_AUTORELEASING = YES;
				CLANG_WARN_BOOL_CONVERSION = YES;
				CLANG_WARN_COMMA = YES;
				CLANG_WARN_CONSTANT_CONVERSION = YES;
				CLANG_WARN_DEPRECATED_OBJC_IMPLEMENTATIONS = YES;
				CLANG_WARN_DIRECT_OBJC_ISA_USAGE = YES_ERROR;
				CLANG_WARN_DOCUMENTATION_COMMENTS = YES;
				CLANG_WARN_EMPTY_BODY = YES;
				CLANG_WARN_ENUM_CONVERSION = YES;
				CLANG_WARN_INFINITE_RECURSION = YES;
				CLANG_WARN_INT_CONVERSION = YES;
				CLANG_WARN_NON_LITERAL_NULL_CONVERSION = YES;
				CLANG_WARN_OBJC_IMPLICIT_RETAIN_SELF = YES;
				CLANG_WARN_OBJC_LITERAL_CONVERSION = YES;
				CLANG_WARN_OBJC_ROOT_CLASS = YES_ERROR;
				CLANG_WARN_QUOTED_INCLUDE_IN_FRAMEWORK_HEADER = YES;
				CLANG_WARN_RANGE_LOOP_ANALYSIS = YES;
				CLANG_WARN_STRICT_PROTOTYPES = YES;
				CLANG_WARN_SUSPICIOUS_MOVE = YES;
				CLANG_WARN_UNGUARDED_AVAILABILITY = YES_AGGRESSIVE;
				CLANG_WARN_UNREACHABLE_CODE = YES;
				CLANG_WARN__DUPLICATE_METHOD_MATCH = YES;
				COPY_PHASE_STRIP = NO;
				DEBUG_INFORMATION_FORMAT = "dwarf-with-dsym";
				ENABLE_NS_ASSERTIONS = NO;
				ENABLE_STRICT_OBJC_MSGSEND = YES;
				GCC_C_LANGUAGE_STANDARD = gnu11;
				GCC_NO_COMMON_BLOCKS = YES;
				GCC_WARN_64_TO_32_BIT_CONVERSION = YES;
				GCC_WARN_ABOUT_RETURN_TYPE = YES_ERROR;
				GCC_WARN_UNDECLARED_SELECTOR = YES;
				GCC_WARN_UNINITIALIZED_AUTOS = YES_AGGRESSIVE;
				GCC_WARN_UNUSED_FUNCTION = YES;
				GCC_WARN_UNUSED_VARIABLE = YES;
				IPHONEOS_DEPLOYMENT_TARGET = 15.5;
				MTL_ENABLE_DEBUG_INFO = NO;
				MTL_FAST_MATH = YES;
				SDKROOT = iphoneos;
				SWIFT_COMPILATION_MODE = wholemodule;
				SWIFT_OPTIMIZATION_LEVEL = "-O";
				VALIDATE_PRODUCT = YES;
			};
			name = Release;
		};
		348CEB2A28DFF316004F82A1 /* Debug */ = {
			isa = XCBuildConfiguration;
			buildSettings = {
				ASSETCATALOG_COMPILER_APPICON_NAME = AppIcon;
				ASSETCATALOG_COMPILER_GLOBAL_ACCENT_COLOR_NAME = AccentColor;
				CODE_SIGN_STYLE = Automatic;
				CURRENT_PROJECT_VERSION = 1;
				DEVELOPMENT_ASSET_PATHS = "\"TeenFinLitApp/Preview Content\"";
				DEVELOPMENT_TEAM = 5TQ2MJWXSP;
				ENABLE_PREVIEWS = YES;
				GENERATE_INFOPLIST_FILE = YES;
				INFOPLIST_KEY_UIApplicationSceneManifest_Generation = YES;
				INFOPLIST_KEY_UIApplicationSupportsIndirectInputEvents = YES;
				INFOPLIST_KEY_UILaunchScreen_Generation = YES;
				INFOPLIST_KEY_UISupportedInterfaceOrientations_iPad = "UIInterfaceOrientationPortrait UIInterfaceOrientationPortraitUpsideDown UIInterfaceOrientationLandscapeLeft UIInterfaceOrientationLandscapeRight";
				INFOPLIST_KEY_UISupportedInterfaceOrientations_iPhone = "UIInterfaceOrientationPortrait UIInterfaceOrientationLandscapeLeft UIInterfaceOrientationLandscapeRight";
				IPHONEOS_DEPLOYMENT_TARGET = 15.5;
				LD_RUNPATH_SEARCH_PATHS = (
					"$(inherited)",
					"@executable_path/Frameworks",
				);
				MARKETING_VERSION = 1.0;
				PRODUCT_BUNDLE_IDENTIFIER = lrobbins.TeenFinLitApp;
				PRODUCT_NAME = FinTeen;
				SWIFT_EMIT_LOC_STRINGS = YES;
				SWIFT_VERSION = 5.0;
				TARGETED_DEVICE_FAMILY = "1,2";
			};
			name = Debug;
		};
		348CEB2B28DFF316004F82A1 /* Release */ = {
			isa = XCBuildConfiguration;
			buildSettings = {
				ASSETCATALOG_COMPILER_APPICON_NAME = AppIcon;
				ASSETCATALOG_COMPILER_GLOBAL_ACCENT_COLOR_NAME = AccentColor;
				CODE_SIGN_STYLE = Automatic;
				CURRENT_PROJECT_VERSION = 1;
				DEVELOPMENT_ASSET_PATHS = "\"TeenFinLitApp/Preview Content\"";
				DEVELOPMENT_TEAM = 5TQ2MJWXSP;
				ENABLE_PREVIEWS = YES;
				GENERATE_INFOPLIST_FILE = YES;
				INFOPLIST_KEY_UIApplicationSceneManifest_Generation = YES;
				INFOPLIST_KEY_UIApplicationSupportsIndirectInputEvents = YES;
				INFOPLIST_KEY_UILaunchScreen_Generation = YES;
				INFOPLIST_KEY_UISupportedInterfaceOrientations_iPad = "UIInterfaceOrientationPortrait UIInterfaceOrientationPortraitUpsideDown UIInterfaceOrientationLandscapeLeft UIInterfaceOrientationLandscapeRight";
				INFOPLIST_KEY_UISupportedInterfaceOrientations_iPhone = "UIInterfaceOrientationPortrait UIInterfaceOrientationLandscapeLeft UIInterfaceOrientationLandscapeRight";
				IPHONEOS_DEPLOYMENT_TARGET = 15.5;
				LD_RUNPATH_SEARCH_PATHS = (
					"$(inherited)",
					"@executable_path/Frameworks",
				);
				MARKETING_VERSION = 1.0;
				PRODUCT_BUNDLE_IDENTIFIER = lrobbins.TeenFinLitApp;
				PRODUCT_NAME = FinTeen;
				SWIFT_EMIT_LOC_STRINGS = YES;
				SWIFT_VERSION = 5.0;
				TARGETED_DEVICE_FAMILY = "1,2";
			};
			name = Release;
		};
/* End XCBuildConfiguration section */

/* Begin XCConfigurationList section */
		348CEB1628DFF30D004F82A1 /* Build configuration list for PBXProject "TeenFinLitApp" */ = {
			isa = XCConfigurationList;
			buildConfigurations = (
				348CEB2728DFF316004F82A1 /* Debug */,
				348CEB2828DFF316004F82A1 /* Release */,
			);
			defaultConfigurationIsVisible = 0;
			defaultConfigurationName = Release;
		};
		348CEB2928DFF316004F82A1 /* Build configuration list for PBXNativeTarget "TeenFinLitApp" */ = {
			isa = XCConfigurationList;
			buildConfigurations = (
				348CEB2A28DFF316004F82A1 /* Debug */,
				348CEB2B28DFF316004F82A1 /* Release */,
			);
			defaultConfigurationIsVisible = 0;
			defaultConfigurationName = Release;
		};
/* End XCConfigurationList section */
	};
	rootObject = 348CEB1328DFF30D004F82A1 /* Project object */;
}
